{
    "version": 3,
    "terraform_version": "0.10.8",
    "serial": 99,
    "lineage": "4fb64098-9063-4dd8-89a1-b1fe7335d06b",
    "modules": [
        {
            "path": [
                "root"
            ],
            "outputs": {
                "ip": {
                    "sensitive": false,
                    "type": "string",
                    "value": "10.0.1.12"
                }
            },
            "resources": {
                "aws_default_network_acl.default": {
                    "type": "aws_default_network_acl",
                    "depends_on": [
                        "aws_vpc.karl"
                    ],
                    "primary": {
                        "id": "acl-5c8e5c37",
                        "attributes": {
                            "default_network_acl_id": "acl-5c8e5c37",
                            "egress.#": "1",
                            "egress.3505712332.action": "deny",
                            "egress.3505712332.cidr_block": "0.0.0.0/0",
                            "egress.3505712332.from_port": "0",
                            "egress.3505712332.icmp_code": "0",
                            "egress.3505712332.icmp_type": "0",
                            "egress.3505712332.ipv6_cidr_block": "",
                            "egress.3505712332.protocol": "-1",
                            "egress.3505712332.rule_no": "100",
                            "egress.3505712332.to_port": "0",
                            "id": "acl-5c8e5c37",
                            "ingress.#": "1",
                            "ingress.3505712332.action": "deny",
                            "ingress.3505712332.cidr_block": "0.0.0.0/0",
                            "ingress.3505712332.from_port": "0",
                            "ingress.3505712332.icmp_code": "0",
                            "ingress.3505712332.icmp_type": "0",
                            "ingress.3505712332.ipv6_cidr_block": "",
                            "ingress.3505712332.protocol": "-1",
                            "ingress.3505712332.rule_no": "100",
                            "ingress.3505712332.to_port": "0",
                            "subnet_ids.#": "0",
                            "tags.%": "0",
                            "vpc_id": "vpc-a36974cb"
                        },
                        "meta": {},
                        "tainted": false
                    },
                    "deposed": [],
                    "provider": ""
                },
                "aws_elb.karl": {
                    "type": "aws_elb",
                    "depends_on": [
                        "aws_security_group.elb",
                        "aws_subnet.public_elb"
                    ],
                    "primary": {
                        "id": "karl-elb",
                        "attributes": {
                            "access_logs.#": "0",
                            "availability_zones.#": "1",
                            "availability_zones.1126047633": "eu-central-1a",
                            "connection_draining": "true",
                            "connection_draining_timeout": "400",
                            "cross_zone_load_balancing": "true",
                            "dns_name": "karl-elb-1524990648.eu-central-1.elb.amazonaws.com",
                            "health_check.#": "1",
                            "health_check.0.healthy_threshold": "2",
                            "health_check.0.interval": "30",
                            "health_check.0.target": "HTTP:3000/",
                            "health_check.0.timeout": "3",
                            "health_check.0.unhealthy_threshold": "2",
                            "id": "karl-elb",
                            "idle_timeout": "400",
                            "instances.#": "0",
                            "internal": "false",
                            "listener.#": "1",
                            "listener.4220365623.instance_port": "3000",
                            "listener.4220365623.instance_protocol": "tcp",
                            "listener.4220365623.lb_port": "80",
                            "listener.4220365623.lb_protocol": "tcp",
                            "listener.4220365623.ssl_certificate_id": "",
                            "name": "karl-elb",
                            "security_groups.#": "1",
                            "security_groups.1376952501": "sg-9b18a2f1",
                            "source_security_group": "135928476890/vpc_elb",
                            "source_security_group_id": "sg-9b18a2f1",
                            "subnets.#": "1",
                            "subnets.4282950329": "subnet-c4d474af",
                            "tags.%": "1",
                            "tags.Name": "foobar-terraform-elb",
                            "zone_id": "Z215JYRZR1TBD5"
                        },
                        "meta": {},
                        "tainted": false
                    },
                    "deposed": [],
                    "provider": ""
                },
                "aws_instance.app": {
                    "type": "aws_instance",
                    "depends_on": [
                        "aws_security_group.app",
                        "aws_subnet.private_app",
                        "data.template_file.init"
                    ],
                    "primary": {
                        "id": "i-0308d58c075df663c",
                        "attributes": {
                            "ami": "ami-2d098e42",
                            "associate_public_ip_address": "true",
                            "availability_zone": "eu-central-1a",
                            "disable_api_termination": "false",
                            "ebs_block_device.#": "0",
                            "ebs_optimized": "false",
                            "ephemeral_block_device.#": "0",
                            "iam_instance_profile": "",
                            "id": "i-0308d58c075df663c",
                            "instance_state": "running",
                            "instance_type": "t2.micro",
                            "ipv6_addresses.#": "0",
                            "key_name": "",
                            "monitoring": "false",
                            "network_interface.#": "0",
                            "network_interface_id": "eni-f79a76a2",
                            "primary_network_interface_id": "eni-f79a76a2",
                            "private_dns": "ip-10-0-0-216.eu-central-1.compute.internal",
                            "private_ip": "10.0.0.216",
                            "public_dns": "ec2-52-28-229-202.eu-central-1.compute.amazonaws.com",
                            "public_ip": "52.28.229.202",
                            "root_block_device.#": "1",
                            "root_block_device.0.delete_on_termination": "true",
                            "root_block_device.0.iops": "100",
                            "root_block_device.0.volume_size": "8",
                            "root_block_device.0.volume_type": "gp2",
                            "security_groups.#": "0",
                            "source_dest_check": "true",
                            "subnet_id": "subnet-c5d474ae",
                            "tags.%": "1",
                            "tags.Name": "app-karl",
                            "tenancy": "default",
                            "user_data": "ec9de526d3006f3b032e17696f1b41311319edad",
                            "volume_tags.%": "0",
                            "vpc_security_group_ids.#": "1",
                            "vpc_security_group_ids.352160446": "sg-9a18a2f0"
                        },
                        "meta": {
                            "e2bfb730-ecaa-11e6-8f88-34363bc7c4c0": {
                                "create": 600000000000,
                                "delete": 600000000000,
                                "update": 600000000000
                            },
                            "schema_version": "1"
                        },
                        "tainted": false
                    },
                    "deposed": [],
                    "provider": ""
                },
                "aws_instance.db": {
                    "type": "aws_instance",
                    "depends_on": [
                        "aws_security_group.db",
                        "aws_subnet.private_db"
                    ],
                    "primary": {
                        "id": "i-080c22f5bff0a7458",
                        "attributes": {
                            "ami": "ami-9f23a4f0",
                            "associate_public_ip_address": "false",
                            "availability_zone": "eu-central-1b",
                            "disable_api_termination": "false",
                            "ebs_block_device.#": "0",
                            "ebs_optimized": "false",
                            "ephemeral_block_device.#": "0",
                            "iam_instance_profile": "",
                            "id": "i-080c22f5bff0a7458",
                            "instance_state": "running",
                            "instance_type": "t2.micro",
                            "ipv6_addresses.#": "0",
                            "key_name": "",
                            "monitoring": "false",
                            "network_interface.#": "0",
                            "network_interface_id": "eni-266a780e",
                            "primary_network_interface_id": "eni-266a780e",
                            "private_dns": "ip-10-0-1-12.eu-central-1.compute.internal",
                            "private_ip": "10.0.1.12",
                            "public_dns": "",
                            "public_ip": "",
                            "root_block_device.#": "1",
                            "root_block_device.0.delete_on_termination": "true",
                            "root_block_device.0.iops": "100",
                            "root_block_device.0.volume_size": "8",
                            "root_block_device.0.volume_type": "gp2",
                            "security_groups.#": "0",
                            "source_dest_check": "true",
                            "subnet_id": "subnet-aa11f6d7",
                            "tags.%": "1",
                            "tags.Name": "db-karl",
                            "tenancy": "default",
                            "volume_tags.%": "0",
                            "vpc_security_group_ids.#": "1",
                            "vpc_security_group_ids.3370222686": "sg-4018a22a"
                        },
                        "meta": {
                            "e2bfb730-ecaa-11e6-8f88-34363bc7c4c0": {
                                "create": 600000000000,
                                "delete": 600000000000,
                                "update": 600000000000
                            },
                            "schema_version": "1"
                        },
                        "tainted": false
                    },
                    "deposed": [],
                    "provider": ""
                },
                "aws_internet_gateway.public_elb": {
                    "type": "aws_internet_gateway",
                    "depends_on": [
                        "aws_vpc.karl"
                    ],
                    "primary": {
                        "id": "igw-0951fe61",
                        "attributes": {
                            "id": "igw-0951fe61",
                            "tags.%": "0",
                            "vpc_id": "vpc-a36974cb"
                        },
                        "meta": {},
                        "tainted": false
                    },
                    "deposed": [],
                    "provider": ""
                },
                "aws_network_acl.private_app": {
                    "type": "aws_network_acl",
                    "depends_on": [
                        "aws_subnet.private_app",
                        "aws_vpc.karl"
                    ],
                    "primary": {
                        "id": "acl-c18e5caa",
                        "attributes": {
                            "egress.#": "2",
                            "egress.2607406847.action": "allow",
                            "egress.2607406847.cidr_block": "10.0.2.0/24",
                            "egress.2607406847.from_port": "0",
                            "egress.2607406847.icmp_code": "0",
                            "egress.2607406847.icmp_type": "0",
                            "egress.2607406847.ipv6_cidr_block": "",
                            "egress.2607406847.protocol": "6",
                            "egress.2607406847.rule_no": "200",
                            "egress.2607406847.to_port": "65535",
                            "egress.3924541277.action": "allow",
                            "egress.3924541277.cidr_block": "10.0.1.0/24",
                            "egress.3924541277.from_port": "0",
                            "egress.3924541277.icmp_code": "0",
                            "egress.3924541277.icmp_type": "0",
                            "egress.3924541277.ipv6_cidr_block": "",
                            "egress.3924541277.protocol": "6",
                            "egress.3924541277.rule_no": "199",
                            "egress.3924541277.to_port": "65535",
                            "id": "acl-c18e5caa",
                            "ingress.#": "2",
                            "ingress.2607406847.action": "allow",
                            "ingress.2607406847.cidr_block": "10.0.2.0/24",
                            "ingress.2607406847.from_port": "0",
                            "ingress.2607406847.icmp_code": "0",
                            "ingress.2607406847.icmp_type": "0",
                            "ingress.2607406847.ipv6_cidr_block": "",
                            "ingress.2607406847.protocol": "6",
                            "ingress.2607406847.rule_no": "200",
                            "ingress.2607406847.to_port": "65535",
                            "ingress.3924541277.action": "allow",
                            "ingress.3924541277.cidr_block": "10.0.1.0/24",
                            "ingress.3924541277.from_port": "0",
                            "ingress.3924541277.icmp_code": "0",
                            "ingress.3924541277.icmp_type": "0",
                            "ingress.3924541277.ipv6_cidr_block": "",
                            "ingress.3924541277.protocol": "6",
                            "ingress.3924541277.rule_no": "199",
                            "ingress.3924541277.to_port": "65535",
                            "subnet_ids.#": "1",
                            "subnet_ids.3224828087": "subnet-c5d474ae",
                            "tags.%": "1",
                            "tags.Name": "private-app",
                            "vpc_id": "vpc-a36974cb"
                        },
                        "meta": {},
                        "tainted": false
                    },
                    "deposed": [],
                    "provider": ""
                },
                "aws_network_acl.private_db": {
                    "type": "aws_network_acl",
                    "depends_on": [
                        "aws_subnet.private_db",
                        "aws_vpc.karl"
                    ],
                    "primary": {
                        "id": "acl-538e5c38",
                        "attributes": {
                            "egress.#": "1",
                            "egress.341154116.action": "allow",
                            "egress.341154116.cidr_block": "10.0.0.0/24",
                            "egress.341154116.from_port": "0",
                            "egress.341154116.icmp_code": "0",
                            "egress.341154116.icmp_type": "0",
                            "egress.341154116.ipv6_cidr_block": "",
                            "egress.341154116.protocol": "6",
                            "egress.341154116.rule_no": "300",
                            "egress.341154116.to_port": "65535",
                            "id": "acl-538e5c38",
                            "ingress.#": "1",
                            "ingress.1732931586.action": "allow",
                            "ingress.1732931586.cidr_block": "10.0.0.0/24",
                            "ingress.1732931586.from_port": "27017",
                            "ingress.1732931586.icmp_code": "0",
                            "ingress.1732931586.icmp_type": "0",
                            "ingress.1732931586.ipv6_cidr_block": "",
                            "ingress.1732931586.protocol": "6",
                            "ingress.1732931586.rule_no": "300",
                            "ingress.1732931586.to_port": "27017",
                            "subnet_ids.#": "1",
                            "subnet_ids.1225612398": "subnet-aa11f6d7",
                            "tags.%": "1",
                            "tags.Name": "private-app",
                            "vpc_id": "vpc-a36974cb"
                        },
                        "meta": {},
                        "tainted": false
                    },
                    "deposed": [],
                    "provider": ""
                },
                "aws_network_acl.public_elb": {
                    "type": "aws_network_acl",
                    "depends_on": [
                        "aws_subnet.public_elb",
                        "aws_vpc.karl"
                    ],
                    "primary": {
                        "id": "acl-f9b36192",
                        "attributes": {
                            "egress.#": "1",
                            "egress.1364834003.action": "allow",
                            "egress.1364834003.cidr_block": "0.0.0.0/0",
                            "egress.1364834003.from_port": "0",
                            "egress.1364834003.icmp_code": "0",
                            "egress.1364834003.icmp_type": "0",
                            "egress.1364834003.ipv6_cidr_block": "",
                            "egress.1364834003.protocol": "-1",
                            "egress.1364834003.rule_no": "200",
                            "egress.1364834003.to_port": "0",
                            "id": "acl-f9b36192",
                            "ingress.#": "1",
                            "ingress.1364834003.action": "allow",
                            "ingress.1364834003.cidr_block": "0.0.0.0/0",
                            "ingress.1364834003.from_port": "0",
                            "ingress.1364834003.icmp_code": "0",
                            "ingress.1364834003.icmp_type": "0",
                            "ingress.1364834003.ipv6_cidr_block": "",
                            "ingress.1364834003.protocol": "-1",
                            "ingress.1364834003.rule_no": "200",
                            "ingress.1364834003.to_port": "0",
                            "subnet_ids.#": "1",
                            "subnet_ids.4282950329": "subnet-c4d474af",
                            "tags.%": "1",
                            "tags.Name": "public-elb",
                            "vpc_id": "vpc-a36974cb"
                        },
                        "meta": {},
                        "tainted": false
                    },
                    "deposed": [],
                    "provider": ""
                },
                "aws_route_table.public_elb": {
                    "type": "aws_route_table",
                    "depends_on": [
                        "aws_internet_gateway.public_elb",
                        "aws_vpc.karl"
                    ],
                    "primary": {
                        "id": "rtb-4df55d26",
                        "attributes": {
                            "id": "rtb-4df55d26",
                            "propagating_vgws.#": "0",
                            "route.#": "1",
                            "route.1409160881.cidr_block": "0.0.0.0/0",
                            "route.1409160881.egress_only_gateway_id": "",
                            "route.1409160881.gateway_id": "igw-0951fe61",
                            "route.1409160881.instance_id": "",
                            "route.1409160881.ipv6_cidr_block": "",
                            "route.1409160881.nat_gateway_id": "",
                            "route.1409160881.network_interface_id": "",
                            "route.1409160881.vpc_peering_connection_id": "",
                            "tags.%": "1",
                            "tags.Name": "Public Subnet Route",
                            "vpc_id": "vpc-a36974cb"
                        },
                        "meta": {},
                        "tainted": false
                    },
                    "deposed": [],
                    "provider": ""
                },
                "aws_route_table_association.public": {
                    "type": "aws_route_table_association",
                    "depends_on": [
                        "aws_route_table.public_elb",
                        "aws_subnet.public_elb"
                    ],
                    "primary": {
                        "id": "rtbassoc-60b9a10b",
                        "attributes": {
                            "id": "rtbassoc-60b9a10b",
                            "route_table_id": "rtb-4df55d26",
                            "subnet_id": "subnet-c4d474af"
                        },
                        "meta": {},
                        "tainted": false
                    },
                    "deposed": [],
                    "provider": ""
                },
                "aws_security_group.app": {
                    "type": "aws_security_group",
                    "depends_on": [
                        "aws_vpc.karl"
                    ],
                    "primary": {
                        "id": "sg-9a18a2f0",
                        "attributes": {
                            "description": "Managed by Terraform",
                            "egress.#": "1",
                            "egress.482069346.cidr_blocks.#": "1",
                            "egress.482069346.cidr_blocks.0": "0.0.0.0/0",
                            "egress.482069346.description": "",
                            "egress.482069346.from_port": "0",
                            "egress.482069346.ipv6_cidr_blocks.#": "0",
                            "egress.482069346.prefix_list_ids.#": "0",
                            "egress.482069346.protocol": "-1",
                            "egress.482069346.security_groups.#": "0",
                            "egress.482069346.self": "false",
                            "egress.482069346.to_port": "0",
                            "id": "sg-9a18a2f0",
                            "ingress.#": "1",
                            "ingress.1994621032.cidr_blocks.#": "1",
                            "ingress.1994621032.cidr_blocks.0": "0.0.0.0/0",
                            "ingress.1994621032.description": "",
                            "ingress.1994621032.from_port": "3000",
                            "ingress.1994621032.ipv6_cidr_blocks.#": "0",
                            "ingress.1994621032.protocol": "tcp",
                            "ingress.1994621032.security_groups.#": "0",
                            "ingress.1994621032.self": "false",
                            "ingress.1994621032.to_port": "3000",
                            "name": "vpc_app",
                            "owner_id": "135928476890",
                            "revoke_rules_on_delete": "false",
                            "tags.%": "1",
                            "tags.Name": "karl-app",
                            "vpc_id": "vpc-a36974cb"
                        },
                        "meta": {
                            "schema_version": "1"
                        },
                        "tainted": false
                    },
                    "deposed": [],
                    "provider": ""
                },
                "aws_security_group.db": {
                    "type": "aws_security_group",
                    "depends_on": [
                        "aws_vpc.karl"
                    ],
                    "primary": {
                        "id": "sg-4018a22a",
                        "attributes": {
                            "description": "Managed by Terraform",
                            "egress.#": "1",
                            "egress.599641889.cidr_blocks.#": "1",
                            "egress.599641889.cidr_blocks.0": "0.0.0.0/0",
                            "egress.599641889.description": "",
                            "egress.599641889.from_port": "27017",
                            "egress.599641889.ipv6_cidr_blocks.#": "0",
                            "egress.599641889.prefix_list_ids.#": "0",
                            "egress.599641889.protocol": "tcp",
                            "egress.599641889.security_groups.#": "0",
                            "egress.599641889.self": "false",
                            "egress.599641889.to_port": "27017",
                            "id": "sg-4018a22a",
                            "ingress.#": "1",
                            "ingress.599641889.cidr_blocks.#": "1",
                            "ingress.599641889.cidr_blocks.0": "0.0.0.0/0",
                            "ingress.599641889.description": "",
                            "ingress.599641889.from_port": "27017",
                            "ingress.599641889.ipv6_cidr_blocks.#": "0",
                            "ingress.599641889.protocol": "tcp",
                            "ingress.599641889.security_groups.#": "0",
                            "ingress.599641889.self": "false",
                            "ingress.599641889.to_port": "27017",
                            "name": "vpc_db",
                            "owner_id": "135928476890",
                            "revoke_rules_on_delete": "false",
                            "tags.%": "1",
                            "tags.Name": "karl-db",
                            "vpc_id": "vpc-a36974cb"
                        },
                        "meta": {
                            "schema_version": "1"
                        },
                        "tainted": false
                    },
                    "deposed": [],
                    "provider": ""
                },
                "aws_security_group.elb": {
                    "type": "aws_security_group",
                    "depends_on": [
                        "aws_vpc.karl"
                    ],
                    "primary": {
                        "id": "sg-9b18a2f1",
                        "attributes": {
                            "description": "Managed by Terraform",
                            "egress.#": "1",
                            "egress.1403647648.cidr_blocks.#": "1",
                            "egress.1403647648.cidr_blocks.0": "0.0.0.0/0",
                            "egress.1403647648.description": "",
                            "egress.1403647648.from_port": "0",
                            "egress.1403647648.ipv6_cidr_blocks.#": "0",
                            "egress.1403647648.prefix_list_ids.#": "0",
                            "egress.1403647648.protocol": "tcp",
                            "egress.1403647648.security_groups.#": "0",
                            "egress.1403647648.self": "false",
                            "egress.1403647648.to_port": "65535",
                            "id": "sg-9b18a2f1",
                            "ingress.#": "1",
                            "ingress.1403647648.cidr_blocks.#": "1",
                            "ingress.1403647648.cidr_blocks.0": "0.0.0.0/0",
                            "ingress.1403647648.description": "",
                            "ingress.1403647648.from_port": "0",
                            "ingress.1403647648.ipv6_cidr_blocks.#": "0",
                            "ingress.1403647648.protocol": "tcp",
                            "ingress.1403647648.security_groups.#": "0",
                            "ingress.1403647648.self": "false",
                            "ingress.1403647648.to_port": "65535",
                            "name": "vpc_elb",
                            "owner_id": "135928476890",
                            "revoke_rules_on_delete": "false",
                            "tags.%": "1",
                            "tags.Name": "karl-elb",
                            "vpc_id": "vpc-a36974cb"
                        },
                        "meta": {
                            "schema_version": "1"
                        },
                        "tainted": false
                    },
                    "deposed": [],
                    "provider": ""
                },
                "aws_security_group.private_app": {
                    "type": "aws_security_group",
                    "depends_on": [],
                    "primary": {
                        "id": "sg-9519a3ff",
                        "attributes": {
                            "description": "Managed by Terraform",
                            "egress.#": "1",
                            "egress.1403647648.cidr_blocks.#": "1",
                            "egress.1403647648.cidr_blocks.0": "0.0.0.0/0",
                            "egress.1403647648.description": "",
                            "egress.1403647648.from_port": "0",
                            "egress.1403647648.ipv6_cidr_blocks.#": "0",
                            "egress.1403647648.prefix_list_ids.#": "0",
                            "egress.1403647648.protocol": "tcp",
                            "egress.1403647648.security_groups.#": "0",
                            "egress.1403647648.self": "false",
                            "egress.1403647648.to_port": "65535",
                            "id": "sg-9519a3ff",
                            "ingress.#": "1",
                            "ingress.1403647648.cidr_blocks.#": "1",
                            "ingress.1403647648.cidr_blocks.0": "0.0.0.0/0",
                            "ingress.1403647648.description": "",
                            "ingress.1403647648.from_port": "0",
                            "ingress.1403647648.ipv6_cidr_blocks.#": "0",
                            "ingress.1403647648.protocol": "tcp",
                            "ingress.1403647648.security_groups.#": "0",
                            "ingress.1403647648.self": "false",
                            "ingress.1403647648.to_port": "65535",
                            "name": "vpc_private_app",
                            "owner_id": "135928476890",
                            "revoke_rules_on_delete": "false",
                            "tags.%": "1",
                            "tags.Name": "karl-private-app",
                            "vpc_id": "vpc-be56aed6"
                        },
                        "meta": {
                            "schema_version": "1"
                        },
                        "tainted": false
                    },
                    "deposed": [],
                    "provider": ""
                },
                "aws_security_group.private_db": {
                    "type": "aws_security_group",
                    "depends_on": [],
                    "primary": {
                        "id": "sg-4318a229",
                        "attributes": {
                            "description": "Managed by Terraform",
                            "egress.#": "1",
                            "egress.3920369739.cidr_blocks.#": "1",
                            "egress.3920369739.cidr_blocks.0": "0.0.0.0/16",
                            "egress.3920369739.description": "",
                            "egress.3920369739.from_port": "0",
                            "egress.3920369739.ipv6_cidr_blocks.#": "0",
                            "egress.3920369739.prefix_list_ids.#": "0",
                            "egress.3920369739.protocol": "tcp",
                            "egress.3920369739.security_groups.#": "0",
                            "egress.3920369739.self": "false",
                            "egress.3920369739.to_port": "65535",
                            "id": "sg-4318a229",
                            "ingress.#": "1",
                            "ingress.3920369739.cidr_blocks.#": "1",
                            "ingress.3920369739.cidr_blocks.0": "0.0.0.0/16",
                            "ingress.3920369739.description": "",
                            "ingress.3920369739.from_port": "0",
                            "ingress.3920369739.ipv6_cidr_blocks.#": "0",
                            "ingress.3920369739.protocol": "tcp",
                            "ingress.3920369739.security_groups.#": "0",
                            "ingress.3920369739.self": "false",
                            "ingress.3920369739.to_port": "65535",
                            "name": "vpc_private_db",
                            "owner_id": "135928476890",
                            "revoke_rules_on_delete": "false",
                            "tags.%": "1",
                            "tags.Name": "karl-private-db",
                            "vpc_id": "vpc-be56aed6"
                        },
                        "meta": {
                            "schema_version": "1"
                        },
                        "tainted": false
                    },
                    "deposed": [],
                    "provider": ""
                },
                "aws_security_group.public_elb": {
                    "type": "aws_security_group",
                    "depends_on": [],
                    "primary": {
                        "id": "sg-9419a3fe",
                        "attributes": {
                            "description": "Managed by Terraform",
                            "egress.#": "1",
                            "egress.1403647648.cidr_blocks.#": "1",
                            "egress.1403647648.cidr_blocks.0": "0.0.0.0/0",
                            "egress.1403647648.description": "",
                            "egress.1403647648.from_port": "0",
                            "egress.1403647648.ipv6_cidr_blocks.#": "0",
                            "egress.1403647648.prefix_list_ids.#": "0",
                            "egress.1403647648.protocol": "tcp",
                            "egress.1403647648.security_groups.#": "0",
                            "egress.1403647648.self": "false",
                            "egress.1403647648.to_port": "65535",
                            "id": "sg-9419a3fe",
                            "ingress.#": "1",
                            "ingress.1403647648.cidr_blocks.#": "1",
                            "ingress.1403647648.cidr_blocks.0": "0.0.0.0/0",
                            "ingress.1403647648.description": "",
                            "ingress.1403647648.from_port": "0",
                            "ingress.1403647648.ipv6_cidr_blocks.#": "0",
                            "ingress.1403647648.protocol": "tcp",
                            "ingress.1403647648.security_groups.#": "0",
                            "ingress.1403647648.self": "false",
                            "ingress.1403647648.to_port": "65535",
                            "name": "vpc_public_elb",
                            "owner_id": "135928476890",
                            "revoke_rules_on_delete": "false",
                            "tags.%": "1",
                            "tags.Name": "elb-public",
                            "vpc_id": "vpc-be56aed6"
                        },
                        "meta": {
                            "schema_version": "1"
                        },
                        "tainted": false
                    },
                    "deposed": [],
                    "provider": ""
                },
                "aws_subnet.private_app": {
                    "type": "aws_subnet",
                    "depends_on": [
                        "aws_vpc.karl"
                    ],
                    "primary": {
                        "id": "subnet-c5d474ae",
                        "attributes": {
                            "assign_ipv6_address_on_creation": "false",
                            "availability_zone": "eu-central-1a",
                            "cidr_block": "10.0.0.0/24",
                            "id": "subnet-c5d474ae",
                            "map_public_ip_on_launch": "true",
                            "tags.%": "1",
                            "tags.Name": "app-karl",
                            "vpc_id": "vpc-a36974cb"
                        },
                        "meta": {
                            "schema_version": "1"
                        },
                        "tainted": false
                    },
                    "deposed": [],
                    "provider": ""
                },
                "aws_subnet.private_db": {
                    "type": "aws_subnet",
                    "depends_on": [
                        "aws_vpc.karl"
                    ],
                    "primary": {
                        "id": "subnet-aa11f6d7",
                        "attributes": {
                            "assign_ipv6_address_on_creation": "false",
                            "availability_zone": "eu-central-1b",
                            "cidr_block": "10.0.1.0/24",
                            "id": "subnet-aa11f6d7",
                            "map_public_ip_on_launch": "false",
                            "tags.%": "1",
                            "tags.Name": "db-karl",
                            "vpc_id": "vpc-a36974cb"
                        },
                        "meta": {
                            "schema_version": "1"
                        },
                        "tainted": false
                    },
                    "deposed": [],
                    "provider": ""
                },
                "aws_subnet.public_elb": {
                    "type": "aws_subnet",
                    "depends_on": [
                        "aws_vpc.karl"
                    ],
                    "primary": {
                        "id": "subnet-c4d474af",
                        "attributes": {
                            "assign_ipv6_address_on_creation": "false",
                            "availability_zone": "eu-central-1a",
                            "cidr_block": "10.0.2.0/24",
                            "id": "subnet-c4d474af",
                            "map_public_ip_on_launch": "true",
                            "tags.%": "1",
                            "tags.Name": "elb-karl",
                            "vpc_id": "vpc-a36974cb"
                        },
                        "meta": {
                            "schema_version": "1"
                        },
                        "tainted": false
                    },
                    "deposed": [],
                    "provider": ""
                },
                "aws_vpc.karl": {
                    "type": "aws_vpc",
                    "depends_on": [],
                    "primary": {
                        "id": "vpc-a36974cb",
                        "attributes": {
                            "assign_generated_ipv6_cidr_block": "false",
                            "cidr_block": "10.0.0.0/16",
                            "default_network_acl_id": "acl-5c8e5c37",
                            "default_route_table_id": "rtb-b1f55dda",
                            "default_security_group_id": "sg-ed18a287",
                            "dhcp_options_id": "dopt-763e381f",
                            "enable_dns_hostnames": "true",
                            "enable_dns_support": "true",
                            "id": "vpc-a36974cb",
                            "instance_tenancy": "default",
                            "main_route_table_id": "rtb-b1f55dda",
                            "tags.%": "1",
                            "tags.Name": "karl"
                        },
                        "meta": {
                            "schema_version": "1"
                        },
                        "tainted": false
                    },
                    "deposed": [],
                    "provider": ""
                },
                "data.template_file.init": {
                    "type": "template_file",
                    "depends_on": [
                        "aws_instance.db"
                    ],
                    "primary": {
                        "id": "ceb7a7f361764ac5ebe49e8c3b3d9b17f632b3e9795990f66edd296d45f98bee",
                        "attributes": {
                            "id": "ceb7a7f361764ac5ebe49e8c3b3d9b17f632b3e9795990f66edd296d45f98bee",
                            "rendered": "#!/bin/bash\n\ncd /home/ubuntu/app\n\nexport DB_HOST=mongodb://10.0.1.12/blog\n\nsleep 2\n\n\nnpm install \u0026\u0026 pm2 -f start app.js\n \n\n\n\n",
                            "template": "#!/bin/bash\n\ncd /home/ubuntu/app\n\nexport DB_HOST=mongodb://${db_ip}/blog\n\nsleep 2\n\n\nnpm install \u0026\u0026 pm2 -f start app.js\n \n\n\n\n",
                            "vars.%": "1",
                            "vars.db_ip": "10.0.1.12"
                        },
                        "meta": {},
                        "tainted": false
                    },
                    "deposed": [],
                    "provider": ""
                }
            },
            "depends_on": []
        }
    ]
}
