{
    "version": 3,
    "terraform_version": "0.10.8",
    "serial": 6,
    "lineage": "92f79ac0-bfb0-4b16-a281-fc254cde079f",
    "modules": [
        {
            "path": [
                "root"
            ],
            "outputs": {
                "elb-dns": {
                    "sensitive": false,
                    "type": "string",
                    "value": "karl-elb-1576763949.eu-central-1.elb.amazonaws.com"
                }
            },
            "resources": {
                "aws_autoscaling_group.karl_scalegroup": {
                    "type": "aws_autoscaling_group",
                    "depends_on": [
                        "aws_elb.karl",
                        "aws_launch_configuration.karlcluster",
                        "aws_subnet.private_app"
                    ],
                    "primary": {
                        "id": "tf-asg-20171109220553841800000002",
                        "attributes": {
                            "arn": "arn:aws:autoscaling:eu-central-1:135928476890:autoScalingGroup:86e51b9b-575e-4091-be06-0090f7fc1fea:autoScalingGroupName/tf-asg-20171109220553841800000002",
                            "availability_zones.#": "1",
                            "availability_zones.3658960427": "eu-central-1b",
                            "default_cooldown": "300",
                            "desired_capacity": "2",
                            "enabled_metrics.#": "5",
                            "enabled_metrics.1940933563": "GroupTotalInstances",
                            "enabled_metrics.3394537085": "GroupDesiredCapacity",
                            "enabled_metrics.3551801763": "GroupInServiceInstances",
                            "enabled_metrics.4118539418": "GroupMinSize",
                            "enabled_metrics.4136111317": "GroupMaxSize",
                            "force_delete": "true",
                            "health_check_grace_period": "300",
                            "health_check_type": "ELB",
                            "id": "tf-asg-20171109220553841800000002",
                            "launch_configuration": "terraform-20171109220553265500000001",
                            "load_balancers.#": "1",
                            "load_balancers.2851752100": "karl-elb",
                            "max_size": "4",
                            "metrics_granularity": "1Minute",
                            "min_size": "1",
                            "name": "tf-asg-20171109220553841800000002",
                            "placement_group": "",
                            "protect_from_scale_in": "false",
                            "suspended_processes.#": "0",
                            "tag.#": "1",
                            "tag.1680857094.key": "name",
                            "tag.1680857094.propagate_at_launch": "true",
                            "tag.1680857094.value": "karl",
                            "target_group_arns.#": "0",
                            "termination_policies.#": "0",
                            "vpc_zone_identifier.#": "1",
                            "vpc_zone_identifier.1390543961": "subnet-2253b45f",
                            "wait_for_capacity_timeout": "10m"
                        },
                        "meta": {
                            "e2bfb730-ecaa-11e6-8f88-34363bc7c4c0": {
                                "delete": 600000000000
                            }
                        },
                        "tainted": false
                    },
                    "deposed": [],
                    "provider": ""
                },
                "aws_autoscaling_policy.autopolicy": {
                    "type": "aws_autoscaling_policy",
                    "depends_on": [
                        "aws_autoscaling_group.karl_scalegroup"
                    ],
                    "primary": {
                        "id": "karl-policy",
                        "attributes": {
                            "adjustment_type": "ChangeInCapacity",
                            "arn": "arn:aws:autoscaling:eu-central-1:135928476890:scalingPolicy:f42e7daf-d2ed-4ca1-95f7-32b1438f7188:autoScalingGroupName/tf-asg-20171109220553841800000002:policyName/karl-policy",
                            "autoscaling_group_name": "tf-asg-20171109220553841800000002",
                            "cooldown": "300",
                            "estimated_instance_warmup": "0",
                            "id": "karl-policy",
                            "metric_aggregation_type": "",
                            "min_adjustment_step": "0",
                            "name": "karl-policy",
                            "policy_type": "SimpleScaling",
                            "scaling_adjustment": "1",
                            "step_adjustment.#": "0"
                        },
                        "meta": {},
                        "tainted": false
                    },
                    "deposed": [],
                    "provider": ""
                },
                "aws_autoscaling_policy.autopolicy-down": {
                    "type": "aws_autoscaling_policy",
                    "depends_on": [
                        "aws_autoscaling_group.karl_scalegroup"
                    ],
                    "primary": {
                        "id": "terraform-autoplicy-down",
                        "attributes": {
                            "adjustment_type": "ChangeInCapacity",
                            "arn": "arn:aws:autoscaling:eu-central-1:135928476890:scalingPolicy:ccba75d7-09ce-4a53-94c4-497fd8d557d4:autoScalingGroupName/tf-asg-20171109220553841800000002:policyName/terraform-autoplicy-down",
                            "autoscaling_group_name": "tf-asg-20171109220553841800000002",
                            "cooldown": "300",
                            "estimated_instance_warmup": "0",
                            "id": "terraform-autoplicy-down",
                            "metric_aggregation_type": "",
                            "min_adjustment_step": "0",
                            "name": "terraform-autoplicy-down",
                            "policy_type": "SimpleScaling",
                            "scaling_adjustment": "-1",
                            "step_adjustment.#": "0"
                        },
                        "meta": {},
                        "tainted": false
                    },
                    "deposed": [],
                    "provider": ""
                },
                "aws_cloudwatch_metric_alarm.cpualarm": {
                    "type": "aws_cloudwatch_metric_alarm",
                    "depends_on": [
                        "aws_autoscaling_group.karl_scalegroup",
                        "aws_autoscaling_policy.autopolicy"
                    ],
                    "primary": {
                        "id": "terraform-alarm",
                        "attributes": {
                            "actions_enabled": "true",
                            "alarm_actions.#": "1",
                            "alarm_actions.2042808434": "arn:aws:autoscaling:eu-central-1:135928476890:scalingPolicy:f42e7daf-d2ed-4ca1-95f7-32b1438f7188:autoScalingGroupName/tf-asg-20171109220553841800000002:policyName/karl-policy",
                            "alarm_description": "This metric monitor EC2 instance cpu utilization",
                            "alarm_name": "terraform-alarm",
                            "comparison_operator": "GreaterThanOrEqualToThreshold",
                            "dimensions.%": "1",
                            "dimensions.AutoScalingGroupName": "tf-asg-20171109220553841800000002",
                            "evaluate_low_sample_count_percentiles": "",
                            "evaluation_periods": "1",
                            "extended_statistic": "",
                            "id": "terraform-alarm",
                            "insufficient_data_actions.#": "0",
                            "metric_name": "CPUUtilization",
                            "namespace": "AWS/EC2",
                            "ok_actions.#": "0",
                            "period": "60",
                            "statistic": "Average",
                            "threshold": "5",
                            "treat_missing_data": "missing",
                            "unit": ""
                        },
                        "meta": {
                            "schema_version": "1"
                        },
                        "tainted": false
                    },
                    "deposed": [],
                    "provider": ""
                },
                "aws_cloudwatch_metric_alarm.cpualarm-down": {
                    "type": "aws_cloudwatch_metric_alarm",
                    "depends_on": [
                        "aws_autoscaling_group.karl_scalegroup",
                        "aws_autoscaling_policy.autopolicy-down"
                    ],
                    "primary": {
                        "id": "terraform-alarm-down",
                        "attributes": {
                            "actions_enabled": "true",
                            "alarm_actions.#": "1",
                            "alarm_actions.1542073501": "arn:aws:autoscaling:eu-central-1:135928476890:scalingPolicy:ccba75d7-09ce-4a53-94c4-497fd8d557d4:autoScalingGroupName/tf-asg-20171109220553841800000002:policyName/terraform-autoplicy-down",
                            "alarm_description": "This metric monitor EC2 instance cpu utilization",
                            "alarm_name": "terraform-alarm-down",
                            "comparison_operator": "LessThanOrEqualToThreshold",
                            "dimensions.%": "1",
                            "dimensions.AutoScalingGroupName": "tf-asg-20171109220553841800000002",
                            "evaluate_low_sample_count_percentiles": "",
                            "evaluation_periods": "2",
                            "extended_statistic": "",
                            "id": "terraform-alarm-down",
                            "insufficient_data_actions.#": "0",
                            "metric_name": "CPUUtilization",
                            "namespace": "AWS/EC2",
                            "ok_actions.#": "0",
                            "period": "120",
                            "statistic": "Average",
                            "threshold": "10",
                            "treat_missing_data": "missing",
                            "unit": ""
                        },
                        "meta": {
                            "schema_version": "1"
                        },
                        "tainted": false
                    },
                    "deposed": [],
                    "provider": ""
                },
                "aws_elb.karl": {
                    "type": "aws_elb",
                    "depends_on": [
                        "aws_security_group.elb",
                        "aws_subnet.public_elb"
                    ],
                    "primary": {
                        "id": "karl-elb",
                        "attributes": {
                            "access_logs.#": "0",
                            "availability_zones.#": "1",
                            "availability_zones.3658960427": "eu-central-1b",
                            "connection_draining": "true",
                            "connection_draining_timeout": "400",
                            "cross_zone_load_balancing": "true",
                            "dns_name": "karl-elb-1576763949.eu-central-1.elb.amazonaws.com",
                            "health_check.#": "1",
                            "health_check.0.healthy_threshold": "2",
                            "health_check.0.interval": "30",
                            "health_check.0.target": "HTTP:3000/",
                            "health_check.0.timeout": "3",
                            "health_check.0.unhealthy_threshold": "2",
                            "id": "karl-elb",
                            "idle_timeout": "400",
                            "instances.#": "1",
                            "instances.1612517654": "i-0b136bf63ef6dcabc",
                            "internal": "false",
                            "listener.#": "1",
                            "listener.4220365623.instance_port": "3000",
                            "listener.4220365623.instance_protocol": "tcp",
                            "listener.4220365623.lb_port": "80",
                            "listener.4220365623.lb_protocol": "tcp",
                            "listener.4220365623.ssl_certificate_id": "",
                            "name": "karl-elb",
                            "security_groups.#": "1",
                            "security_groups.3121014702": "sg-6da72207",
                            "source_security_group": "135928476890/vpc_elb",
                            "source_security_group_id": "sg-6da72207",
                            "subnets.#": "1",
                            "subnets.2083756736": "subnet-3c55b241",
                            "tags.%": "1",
                            "tags.Name": "foobar-terraform-elb",
                            "zone_id": "Z215JYRZR1TBD5"
                        },
                        "meta": {},
                        "tainted": false
                    },
                    "deposed": [],
                    "provider": ""
                },
                "aws_instance.db": {
                    "type": "aws_instance",
                    "depends_on": [
                        "aws_security_group.db",
                        "aws_subnet.private_db"
                    ],
                    "primary": {
                        "id": "i-0d8ae255d4e045131",
                        "attributes": {
                            "ami": "ami-9f23a4f0",
                            "associate_public_ip_address": "false",
                            "availability_zone": "eu-central-1b",
                            "disable_api_termination": "false",
                            "ebs_block_device.#": "0",
                            "ebs_optimized": "false",
                            "ephemeral_block_device.#": "0",
                            "iam_instance_profile": "",
                            "id": "i-0d8ae255d4e045131",
                            "instance_state": "running",
                            "instance_type": "t2.micro",
                            "ipv6_addresses.#": "0",
                            "key_name": "",
                            "monitoring": "false",
                            "network_interface.#": "0",
                            "network_interface_id": "eni-4bb2a063",
                            "primary_network_interface_id": "eni-4bb2a063",
                            "private_dns": "ip-10-0-1-231.eu-central-1.compute.internal",
                            "private_ip": "10.0.1.231",
                            "public_dns": "",
                            "public_ip": "",
                            "root_block_device.#": "1",
                            "root_block_device.0.delete_on_termination": "true",
                            "root_block_device.0.iops": "100",
                            "root_block_device.0.volume_size": "8",
                            "root_block_device.0.volume_type": "gp2",
                            "security_groups.#": "0",
                            "source_dest_check": "true",
                            "subnet_id": "subnet-1d53b460",
                            "tags.%": "1",
                            "tags.Name": "db-karl",
                            "tenancy": "default",
                            "volume_tags.%": "0",
                            "vpc_security_group_ids.#": "1",
                            "vpc_security_group_ids.2966694230": "sg-d2a421b8"
                        },
                        "meta": {
                            "e2bfb730-ecaa-11e6-8f88-34363bc7c4c0": {
                                "create": 600000000000,
                                "delete": 600000000000,
                                "update": 600000000000
                            },
                            "schema_version": "1"
                        },
                        "tainted": false
                    },
                    "deposed": [],
                    "provider": ""
                },
                "aws_launch_configuration.karlcluster": {
                    "type": "aws_launch_configuration",
                    "depends_on": [
                        "aws_security_group.app",
                        "data.template_file.init"
                    ],
                    "primary": {
                        "id": "terraform-20171109220553265500000001",
                        "attributes": {
                            "associate_public_ip_address": "false",
                            "ebs_block_device.#": "0",
                            "ebs_optimized": "false",
                            "enable_monitoring": "true",
                            "ephemeral_block_device.#": "0",
                            "iam_instance_profile": "",
                            "id": "terraform-20171109220553265500000001",
                            "image_id": "ami-dffc7ab0",
                            "instance_type": "t2.micro",
                            "key_name": "",
                            "name": "terraform-20171109220553265500000001",
                            "root_block_device.#": "0",
                            "security_groups.#": "1",
                            "security_groups.1790715570": "sg-62a72208",
                            "spot_price": "",
                            "user_data": "5eeca48160f5430ef435266d30774211f45f29b2",
                            "vpc_classic_link_id": "",
                            "vpc_classic_link_security_groups.#": "0"
                        },
                        "meta": {},
                        "tainted": false
                    },
                    "deposed": [],
                    "provider": ""
                },
                "aws_security_group.app": {
                    "type": "aws_security_group",
                    "depends_on": [
                        "aws_vpc.karl"
                    ],
                    "primary": {
                        "id": "sg-62a72208",
                        "attributes": {
                            "description": "Managed by Terraform",
                            "egress.#": "1",
                            "egress.482069346.cidr_blocks.#": "1",
                            "egress.482069346.cidr_blocks.0": "0.0.0.0/0",
                            "egress.482069346.description": "",
                            "egress.482069346.from_port": "0",
                            "egress.482069346.ipv6_cidr_blocks.#": "0",
                            "egress.482069346.prefix_list_ids.#": "0",
                            "egress.482069346.protocol": "-1",
                            "egress.482069346.security_groups.#": "0",
                            "egress.482069346.self": "false",
                            "egress.482069346.to_port": "0",
                            "id": "sg-62a72208",
                            "ingress.#": "1",
                            "ingress.1994621032.cidr_blocks.#": "1",
                            "ingress.1994621032.cidr_blocks.0": "0.0.0.0/0",
                            "ingress.1994621032.description": "",
                            "ingress.1994621032.from_port": "3000",
                            "ingress.1994621032.ipv6_cidr_blocks.#": "0",
                            "ingress.1994621032.protocol": "tcp",
                            "ingress.1994621032.security_groups.#": "0",
                            "ingress.1994621032.self": "false",
                            "ingress.1994621032.to_port": "3000",
                            "name": "vpc_app",
                            "owner_id": "135928476890",
                            "revoke_rules_on_delete": "false",
                            "tags.%": "1",
                            "tags.Name": "karl-app",
                            "vpc_id": "vpc-68273a00"
                        },
                        "meta": {
                            "schema_version": "1"
                        },
                        "tainted": false
                    },
                    "deposed": [],
                    "provider": ""
                },
                "aws_security_group.db": {
                    "type": "aws_security_group",
                    "depends_on": [
                        "aws_vpc.karl"
                    ],
                    "primary": {
                        "id": "sg-d2a421b8",
                        "attributes": {
                            "description": "Managed by Terraform",
                            "egress.#": "1",
                            "egress.599641889.cidr_blocks.#": "1",
                            "egress.599641889.cidr_blocks.0": "0.0.0.0/0",
                            "egress.599641889.description": "",
                            "egress.599641889.from_port": "27017",
                            "egress.599641889.ipv6_cidr_blocks.#": "0",
                            "egress.599641889.prefix_list_ids.#": "0",
                            "egress.599641889.protocol": "tcp",
                            "egress.599641889.security_groups.#": "0",
                            "egress.599641889.self": "false",
                            "egress.599641889.to_port": "27017",
                            "id": "sg-d2a421b8",
                            "ingress.#": "1",
                            "ingress.599641889.cidr_blocks.#": "1",
                            "ingress.599641889.cidr_blocks.0": "0.0.0.0/0",
                            "ingress.599641889.description": "",
                            "ingress.599641889.from_port": "27017",
                            "ingress.599641889.ipv6_cidr_blocks.#": "0",
                            "ingress.599641889.protocol": "tcp",
                            "ingress.599641889.security_groups.#": "0",
                            "ingress.599641889.self": "false",
                            "ingress.599641889.to_port": "27017",
                            "name": "vpc_db",
                            "owner_id": "135928476890",
                            "revoke_rules_on_delete": "false",
                            "tags.%": "1",
                            "tags.Name": "karl-db",
                            "vpc_id": "vpc-68273a00"
                        },
                        "meta": {
                            "schema_version": "1"
                        },
                        "tainted": false
                    },
                    "deposed": [],
                    "provider": ""
                },
                "aws_security_group.elb": {
                    "type": "aws_security_group",
                    "depends_on": [
                        "aws_vpc.karl"
                    ],
                    "primary": {
                        "id": "sg-6da72207",
                        "attributes": {
                            "description": "Managed by Terraform",
                            "egress.#": "1",
                            "egress.1403647648.cidr_blocks.#": "1",
                            "egress.1403647648.cidr_blocks.0": "0.0.0.0/0",
                            "egress.1403647648.description": "",
                            "egress.1403647648.from_port": "0",
                            "egress.1403647648.ipv6_cidr_blocks.#": "0",
                            "egress.1403647648.prefix_list_ids.#": "0",
                            "egress.1403647648.protocol": "tcp",
                            "egress.1403647648.security_groups.#": "0",
                            "egress.1403647648.self": "false",
                            "egress.1403647648.to_port": "65535",
                            "id": "sg-6da72207",
                            "ingress.#": "1",
                            "ingress.1403647648.cidr_blocks.#": "1",
                            "ingress.1403647648.cidr_blocks.0": "0.0.0.0/0",
                            "ingress.1403647648.description": "",
                            "ingress.1403647648.from_port": "0",
                            "ingress.1403647648.ipv6_cidr_blocks.#": "0",
                            "ingress.1403647648.protocol": "tcp",
                            "ingress.1403647648.security_groups.#": "0",
                            "ingress.1403647648.self": "false",
                            "ingress.1403647648.to_port": "65535",
                            "name": "vpc_elb",
                            "owner_id": "135928476890",
                            "revoke_rules_on_delete": "false",
                            "tags.%": "1",
                            "tags.Name": "karl-elb",
                            "vpc_id": "vpc-68273a00"
                        },
                        "meta": {
                            "schema_version": "1"
                        },
                        "tainted": false
                    },
                    "deposed": [],
                    "provider": ""
                },
                "aws_subnet.private_app": {
                    "type": "aws_subnet",
                    "depends_on": [
                        "aws_vpc.karl"
                    ],
                    "primary": {
                        "id": "subnet-2253b45f",
                        "attributes": {
                            "assign_ipv6_address_on_creation": "false",
                            "availability_zone": "eu-central-1b",
                            "cidr_block": "10.0.0.0/24",
                            "id": "subnet-2253b45f",
                            "map_public_ip_on_launch": "true",
                            "tags.%": "1",
                            "tags.Name": "app-karl",
                            "vpc_id": "vpc-68273a00"
                        },
                        "meta": {
                            "schema_version": "1"
                        },
                        "tainted": false
                    },
                    "deposed": [],
                    "provider": ""
                },
                "aws_subnet.private_db": {
                    "type": "aws_subnet",
                    "depends_on": [
                        "aws_vpc.karl"
                    ],
                    "primary": {
                        "id": "subnet-1d53b460",
                        "attributes": {
                            "assign_ipv6_address_on_creation": "false",
                            "availability_zone": "eu-central-1b",
                            "cidr_block": "10.0.1.0/24",
                            "id": "subnet-1d53b460",
                            "map_public_ip_on_launch": "false",
                            "tags.%": "1",
                            "tags.Name": "db-karl",
                            "vpc_id": "vpc-68273a00"
                        },
                        "meta": {
                            "schema_version": "1"
                        },
                        "tainted": false
                    },
                    "deposed": [],
                    "provider": ""
                },
                "aws_subnet.public_elb": {
                    "type": "aws_subnet",
                    "depends_on": [
                        "aws_vpc.karl"
                    ],
                    "primary": {
                        "id": "subnet-3c55b241",
                        "attributes": {
                            "assign_ipv6_address_on_creation": "false",
                            "availability_zone": "eu-central-1b",
                            "cidr_block": "10.0.2.0/24",
                            "id": "subnet-3c55b241",
                            "map_public_ip_on_launch": "true",
                            "tags.%": "1",
                            "tags.Name": "elb-karl",
                            "vpc_id": "vpc-68273a00"
                        },
                        "meta": {
                            "schema_version": "1"
                        },
                        "tainted": false
                    },
                    "deposed": [],
                    "provider": ""
                },
                "aws_vpc.karl": {
                    "type": "aws_vpc",
                    "depends_on": [],
                    "primary": {
                        "id": "vpc-68273a00",
                        "attributes": {
                            "assign_generated_ipv6_cidr_block": "false",
                            "cidr_block": "10.0.0.0/16",
                            "default_network_acl_id": "acl-81f527ea",
                            "default_route_table_id": "rtb-4d842c26",
                            "default_security_group_id": "sg-42a12428",
                            "dhcp_options_id": "dopt-763e381f",
                            "enable_dns_hostnames": "true",
                            "enable_dns_support": "true",
                            "id": "vpc-68273a00",
                            "instance_tenancy": "default",
                            "main_route_table_id": "rtb-4d842c26",
                            "tags.%": "1",
                            "tags.Name": "karl"
                        },
                        "meta": {
                            "schema_version": "1"
                        },
                        "tainted": false
                    },
                    "deposed": [],
                    "provider": ""
                },
                "data.template_file.init": {
                    "type": "template_file",
                    "depends_on": [
                        "aws_instance.db"
                    ],
                    "primary": {
                        "id": "78c558bd14212e287aa56b3d79444dc2eed9e6ea53b8340cd60b124f93be91bd",
                        "attributes": {
                            "id": "78c558bd14212e287aa56b3d79444dc2eed9e6ea53b8340cd60b124f93be91bd",
                            "rendered": "#!/bin/bash\n\ncd /home/ubuntu/app\n\nexport DB_HOST=mongodb://10.0.1.231/blog\n\nsleep 2\n\n\nnpm install \u0026\u0026 pm2 -f start app.js\n \n\n\n\n",
                            "template": "#!/bin/bash\n\ncd /home/ubuntu/app\n\nexport DB_HOST=mongodb://${db_ip}/blog\n\nsleep 2\n\n\nnpm install \u0026\u0026 pm2 -f start app.js\n \n\n\n\n",
                            "vars.%": "1",
                            "vars.db_ip": "10.0.1.231"
                        },
                        "meta": {},
                        "tainted": false
                    },
                    "deposed": [],
                    "provider": ""
                }
            },
            "depends_on": []
        }
    ]
}
