{
    "version": 3,
    "terraform_version": "0.10.8",
    "serial": 11,
    "lineage": "92f79ac0-bfb0-4b16-a281-fc254cde079f",
    "modules": [
        {
            "path": [
                "root"
            ],
            "outputs": {
                "elb-dns": {
                    "sensitive": false,
                    "type": "string",
                    "value": "karl-elb-388384454.eu-central-1.elb.amazonaws.com"
                }
            },
            "resources": {
                "aws_autoscaling_group.karl_scalegroup": {
                    "type": "aws_autoscaling_group",
                    "depends_on": [
                        "aws_elb.karl",
                        "aws_launch_configuration.karl_cluster",
                        "aws_subnet.private_app"
                    ],
                    "primary": {
                        "id": "tf-asg-20171110071028667600000001",
                        "attributes": {
                            "arn": "arn:aws:autoscaling:eu-central-1:135928476890:autoScalingGroup:b7df88ec-4f9d-47df-a833-626244f1fc50:autoScalingGroupName/tf-asg-20171110071028667600000001",
                            "availability_zones.#": "1",
                            "availability_zones.3658960427": "eu-central-1b",
                            "default_cooldown": "300",
                            "desired_capacity": "1",
                            "enabled_metrics.#": "5",
                            "enabled_metrics.1940933563": "GroupTotalInstances",
                            "enabled_metrics.3394537085": "GroupDesiredCapacity",
                            "enabled_metrics.3551801763": "GroupInServiceInstances",
                            "enabled_metrics.4118539418": "GroupMinSize",
                            "enabled_metrics.4136111317": "GroupMaxSize",
                            "force_delete": "true",
                            "health_check_grace_period": "300",
                            "health_check_type": "ELB",
                            "id": "tf-asg-20171110071028667600000001",
                            "launch_configuration": "terraform-20171110070926684200000001",
                            "load_balancers.#": "0",
                            "max_size": "4",
                            "metrics_granularity": "1Minute",
                            "min_size": "1",
                            "name": "tf-asg-20171110071028667600000001",
                            "placement_group": "",
                            "protect_from_scale_in": "false",
                            "suspended_processes.#": "0",
                            "tags.#": "1",
                            "tags.0.%": "3",
                            "tags.0.key": "Name",
                            "tags.0.propagate_at_launch": "1",
                            "tags.0.value": "karl-app",
                            "target_group_arns.#": "0",
                            "termination_policies.#": "0",
                            "vpc_zone_identifier.#": "1",
                            "vpc_zone_identifier.2007594334": "subnet-ae9a7cd3",
                            "wait_for_capacity_timeout": "10m"
                        },
                        "meta": {
                            "e2bfb730-ecaa-11e6-8f88-34363bc7c4c0": {
                                "delete": 600000000000
                            }
                        },
                        "tainted": false
                    },
                    "deposed": [],
                    "provider": ""
                },
                "aws_autoscaling_policy.autopolicy": {
                    "type": "aws_autoscaling_policy",
                    "depends_on": [
                        "aws_autoscaling_group.karl_scalegroup"
                    ],
                    "primary": {
                        "id": "karl-policy",
                        "attributes": {
                            "adjustment_type": "ChangeInCapacity",
                            "arn": "arn:aws:autoscaling:eu-central-1:135928476890:scalingPolicy:511cb607-ec91-4e99-9e9d-d0d9274305b9:autoScalingGroupName/tf-asg-20171110071028667600000001:policyName/karl-policy",
                            "autoscaling_group_name": "tf-asg-20171110071028667600000001",
                            "cooldown": "300",
                            "estimated_instance_warmup": "0",
                            "id": "karl-policy",
                            "metric_aggregation_type": "",
                            "min_adjustment_step": "0",
                            "name": "karl-policy",
                            "policy_type": "SimpleScaling",
                            "scaling_adjustment": "1",
                            "step_adjustment.#": "0"
                        },
                        "meta": {},
                        "tainted": false
                    },
                    "deposed": [],
                    "provider": ""
                },
                "aws_autoscaling_policy.autopolicy-down": {
                    "type": "aws_autoscaling_policy",
                    "depends_on": [
                        "aws_autoscaling_group.karl_scalegroup"
                    ],
                    "primary": {
                        "id": "terraform-autoplicy-down",
                        "attributes": {
                            "adjustment_type": "ChangeInCapacity",
                            "arn": "arn:aws:autoscaling:eu-central-1:135928476890:scalingPolicy:7f936b57-17e3-4ac4-9c40-ca7707aa3c4e:autoScalingGroupName/tf-asg-20171110071028667600000001:policyName/terraform-autoplicy-down",
                            "autoscaling_group_name": "tf-asg-20171110071028667600000001",
                            "cooldown": "300",
                            "estimated_instance_warmup": "0",
                            "id": "terraform-autoplicy-down",
                            "metric_aggregation_type": "",
                            "min_adjustment_step": "0",
                            "name": "terraform-autoplicy-down",
                            "policy_type": "SimpleScaling",
                            "scaling_adjustment": "-1",
                            "step_adjustment.#": "0"
                        },
                        "meta": {},
                        "tainted": false
                    },
                    "deposed": [],
                    "provider": ""
                },
                "aws_cloudwatch_metric_alarm.cpualarm": {
                    "type": "aws_cloudwatch_metric_alarm",
                    "depends_on": [
                        "aws_autoscaling_group.karl_scalegroup",
                        "aws_autoscaling_policy.autopolicy"
                    ],
                    "primary": {
                        "id": "terraform-alarm",
                        "attributes": {
                            "actions_enabled": "true",
                            "alarm_actions.#": "1",
                            "alarm_actions.2332189146": "arn:aws:autoscaling:eu-central-1:135928476890:scalingPolicy:511cb607-ec91-4e99-9e9d-d0d9274305b9:autoScalingGroupName/tf-asg-20171110071028667600000001:policyName/karl-policy",
                            "alarm_description": "This metric monitor EC2 instance cpu utilization",
                            "alarm_name": "terraform-alarm",
                            "comparison_operator": "GreaterThanOrEqualToThreshold",
                            "dimensions.%": "1",
                            "dimensions.AutoScalingGroupName": "tf-asg-20171110071028667600000001",
                            "evaluate_low_sample_count_percentiles": "",
                            "evaluation_periods": "1",
                            "extended_statistic": "",
                            "id": "terraform-alarm",
                            "insufficient_data_actions.#": "0",
                            "metric_name": "CPUUtilization",
                            "namespace": "AWS/EC2",
                            "ok_actions.#": "0",
                            "period": "60",
                            "statistic": "Average",
                            "threshold": "5",
                            "treat_missing_data": "missing",
                            "unit": ""
                        },
                        "meta": {
                            "schema_version": "1"
                        },
                        "tainted": false
                    },
                    "deposed": [],
                    "provider": ""
                },
                "aws_cloudwatch_metric_alarm.cpualarm-down": {
                    "type": "aws_cloudwatch_metric_alarm",
                    "depends_on": [
                        "aws_autoscaling_group.karl_scalegroup",
                        "aws_autoscaling_policy.autopolicy-down"
                    ],
                    "primary": {
                        "id": "terraform-alarm-down",
                        "attributes": {
                            "actions_enabled": "true",
                            "alarm_actions.#": "1",
                            "alarm_actions.3998115162": "arn:aws:autoscaling:eu-central-1:135928476890:scalingPolicy:7f936b57-17e3-4ac4-9c40-ca7707aa3c4e:autoScalingGroupName/tf-asg-20171110071028667600000001:policyName/terraform-autoplicy-down",
                            "alarm_description": "This metric monitor EC2 instance cpu utilization",
                            "alarm_name": "terraform-alarm-down",
                            "comparison_operator": "LessThanOrEqualToThreshold",
                            "dimensions.%": "1",
                            "dimensions.AutoScalingGroupName": "tf-asg-20171110071028667600000001",
                            "evaluate_low_sample_count_percentiles": "",
                            "evaluation_periods": "2",
                            "extended_statistic": "",
                            "id": "terraform-alarm-down",
                            "insufficient_data_actions.#": "0",
                            "metric_name": "CPUUtilization",
                            "namespace": "AWS/EC2",
                            "ok_actions.#": "0",
                            "period": "120",
                            "statistic": "Average",
                            "threshold": "10",
                            "treat_missing_data": "missing",
                            "unit": ""
                        },
                        "meta": {
                            "schema_version": "1"
                        },
                        "tainted": false
                    },
                    "deposed": [],
                    "provider": ""
                },
                "aws_elb.karl": {
                    "type": "aws_elb",
                    "depends_on": [
                        "aws_security_group.elb",
                        "aws_subnet.public_elb"
                    ],
                    "primary": {
                        "id": "karl-elb",
                        "attributes": {
                            "access_logs.#": "0",
                            "availability_zones.#": "1",
                            "availability_zones.3658960427": "eu-central-1b",
                            "connection_draining": "true",
                            "connection_draining_timeout": "400",
                            "cross_zone_load_balancing": "true",
                            "dns_name": "karl-elb-388384454.eu-central-1.elb.amazonaws.com",
                            "health_check.#": "1",
                            "health_check.0.healthy_threshold": "2",
                            "health_check.0.interval": "30",
                            "health_check.0.target": "HTTP:3000/",
                            "health_check.0.timeout": "3",
                            "health_check.0.unhealthy_threshold": "2",
                            "id": "karl-elb",
                            "idle_timeout": "400",
                            "instances.#": "0",
                            "internal": "false",
                            "listener.#": "1",
                            "listener.4220365623.instance_port": "3000",
                            "listener.4220365623.instance_protocol": "tcp",
                            "listener.4220365623.lb_port": "80",
                            "listener.4220365623.lb_protocol": "tcp",
                            "listener.4220365623.ssl_certificate_id": "",
                            "name": "karl-elb",
                            "security_groups.#": "1",
                            "security_groups.88232545": "sg-953bbeff",
                            "source_security_group": "135928476890/vpc_elb",
                            "source_security_group_id": "sg-953bbeff",
                            "subnets.#": "1",
                            "subnets.74043725": "subnet-a79b7dda",
                            "tags.%": "1",
                            "tags.Name": "elb-karl",
                            "zone_id": "Z215JYRZR1TBD5"
                        },
                        "meta": {},
                        "tainted": false
                    },
                    "deposed": [],
                    "provider": ""
                },
                "aws_instance.db": {
                    "type": "aws_instance",
                    "depends_on": [
                        "aws_security_group.db",
                        "aws_subnet.private_db"
                    ],
                    "primary": {
                        "id": "i-056930a0566f6743c",
                        "attributes": {
                            "ami": "ami-9f23a4f0",
                            "associate_public_ip_address": "false",
                            "availability_zone": "eu-central-1b",
                            "disable_api_termination": "false",
                            "ebs_block_device.#": "0",
                            "ebs_optimized": "false",
                            "ephemeral_block_device.#": "0",
                            "iam_instance_profile": "",
                            "id": "i-056930a0566f6743c",
                            "instance_state": "running",
                            "instance_type": "t2.micro",
                            "ipv6_addresses.#": "0",
                            "key_name": "",
                            "monitoring": "false",
                            "network_interface.#": "0",
                            "network_interface_id": "eni-4de8f565",
                            "primary_network_interface_id": "eni-4de8f565",
                            "private_dns": "ip-10-0-1-9.eu-central-1.compute.internal",
                            "private_ip": "10.0.1.9",
                            "public_dns": "",
                            "public_ip": "",
                            "root_block_device.#": "1",
                            "root_block_device.0.delete_on_termination": "true",
                            "root_block_device.0.iops": "100",
                            "root_block_device.0.volume_size": "8",
                            "root_block_device.0.volume_type": "gp2",
                            "security_groups.#": "0",
                            "source_dest_check": "true",
                            "subnet_id": "subnet-d9987ea4",
                            "tags.%": "1",
                            "tags.Name": "db-karl",
                            "tenancy": "default",
                            "volume_tags.%": "0",
                            "vpc_security_group_ids.#": "1",
                            "vpc_security_group_ids.3931393431": "sg-acc440c6"
                        },
                        "meta": {
                            "e2bfb730-ecaa-11e6-8f88-34363bc7c4c0": {
                                "create": 600000000000,
                                "delete": 600000000000,
                                "update": 600000000000
                            },
                            "schema_version": "1"
                        },
                        "tainted": false
                    },
                    "deposed": [],
                    "provider": ""
                },
                "aws_launch_configuration.karl_cluster": {
                    "type": "aws_launch_configuration",
                    "depends_on": [
                        "aws_security_group.app",
                        "data.template_file.init"
                    ],
                    "primary": {
                        "id": "terraform-20171110070926684200000001",
                        "attributes": {
                            "associate_public_ip_address": "false",
                            "ebs_block_device.#": "0",
                            "ebs_optimized": "false",
                            "enable_monitoring": "true",
                            "ephemeral_block_device.#": "0",
                            "iam_instance_profile": "",
                            "id": "terraform-20171110070926684200000001",
                            "image_id": "ami-dffc7ab0",
                            "instance_type": "t2.micro",
                            "key_name": "",
                            "name": "terraform-20171110070926684200000001",
                            "root_block_device.#": "0",
                            "security_groups.#": "1",
                            "security_groups.3115714237": "sg-f83bbe92",
                            "spot_price": "",
                            "user_data": "54191389c46b759a2ac8fd7025e0097b06dba7d9",
                            "vpc_classic_link_id": "",
                            "vpc_classic_link_security_groups.#": "0"
                        },
                        "meta": {},
                        "tainted": false
                    },
                    "deposed": [],
                    "provider": ""
                },
                "aws_security_group.app": {
                    "type": "aws_security_group",
                    "depends_on": [
                        "aws_vpc.karl"
                    ],
                    "primary": {
                        "id": "sg-f83bbe92",
                        "attributes": {
                            "description": "Managed by Terraform",
                            "egress.#": "1",
                            "egress.482069346.cidr_blocks.#": "1",
                            "egress.482069346.cidr_blocks.0": "0.0.0.0/0",
                            "egress.482069346.description": "",
                            "egress.482069346.from_port": "0",
                            "egress.482069346.ipv6_cidr_blocks.#": "0",
                            "egress.482069346.prefix_list_ids.#": "0",
                            "egress.482069346.protocol": "-1",
                            "egress.482069346.security_groups.#": "0",
                            "egress.482069346.self": "false",
                            "egress.482069346.to_port": "0",
                            "id": "sg-f83bbe92",
                            "ingress.#": "1",
                            "ingress.1994621032.cidr_blocks.#": "1",
                            "ingress.1994621032.cidr_blocks.0": "0.0.0.0/0",
                            "ingress.1994621032.description": "",
                            "ingress.1994621032.from_port": "3000",
                            "ingress.1994621032.ipv6_cidr_blocks.#": "0",
                            "ingress.1994621032.protocol": "tcp",
                            "ingress.1994621032.security_groups.#": "0",
                            "ingress.1994621032.self": "false",
                            "ingress.1994621032.to_port": "3000",
                            "name": "vpc_app",
                            "owner_id": "135928476890",
                            "revoke_rules_on_delete": "false",
                            "tags.%": "1",
                            "tags.Name": "karl-app",
                            "vpc_id": "vpc-4a968b22"
                        },
                        "meta": {
                            "schema_version": "1"
                        },
                        "tainted": false
                    },
                    "deposed": [],
                    "provider": ""
                },
                "aws_security_group.db": {
                    "type": "aws_security_group",
                    "depends_on": [
                        "aws_vpc.karl"
                    ],
                    "primary": {
                        "id": "sg-acc440c6",
                        "attributes": {
                            "description": "Managed by Terraform",
                            "egress.#": "1",
                            "egress.599641889.cidr_blocks.#": "1",
                            "egress.599641889.cidr_blocks.0": "0.0.0.0/0",
                            "egress.599641889.description": "",
                            "egress.599641889.from_port": "27017",
                            "egress.599641889.ipv6_cidr_blocks.#": "0",
                            "egress.599641889.prefix_list_ids.#": "0",
                            "egress.599641889.protocol": "tcp",
                            "egress.599641889.security_groups.#": "0",
                            "egress.599641889.self": "false",
                            "egress.599641889.to_port": "27017",
                            "id": "sg-acc440c6",
                            "ingress.#": "1",
                            "ingress.599641889.cidr_blocks.#": "1",
                            "ingress.599641889.cidr_blocks.0": "0.0.0.0/0",
                            "ingress.599641889.description": "",
                            "ingress.599641889.from_port": "27017",
                            "ingress.599641889.ipv6_cidr_blocks.#": "0",
                            "ingress.599641889.protocol": "tcp",
                            "ingress.599641889.security_groups.#": "0",
                            "ingress.599641889.self": "false",
                            "ingress.599641889.to_port": "27017",
                            "name": "vpc_db",
                            "owner_id": "135928476890",
                            "revoke_rules_on_delete": "false",
                            "tags.%": "1",
                            "tags.Name": "karl-db",
                            "vpc_id": "vpc-4a968b22"
                        },
                        "meta": {
                            "schema_version": "1"
                        },
                        "tainted": false
                    },
                    "deposed": [],
                    "provider": ""
                },
                "aws_security_group.elb": {
                    "type": "aws_security_group",
                    "depends_on": [
                        "aws_vpc.karl"
                    ],
                    "primary": {
                        "id": "sg-953bbeff",
                        "attributes": {
                            "description": "Managed by Terraform",
                            "egress.#": "1",
                            "egress.1403647648.cidr_blocks.#": "1",
                            "egress.1403647648.cidr_blocks.0": "0.0.0.0/0",
                            "egress.1403647648.description": "",
                            "egress.1403647648.from_port": "0",
                            "egress.1403647648.ipv6_cidr_blocks.#": "0",
                            "egress.1403647648.prefix_list_ids.#": "0",
                            "egress.1403647648.protocol": "tcp",
                            "egress.1403647648.security_groups.#": "0",
                            "egress.1403647648.self": "false",
                            "egress.1403647648.to_port": "65535",
                            "id": "sg-953bbeff",
                            "ingress.#": "1",
                            "ingress.1403647648.cidr_blocks.#": "1",
                            "ingress.1403647648.cidr_blocks.0": "0.0.0.0/0",
                            "ingress.1403647648.description": "",
                            "ingress.1403647648.from_port": "0",
                            "ingress.1403647648.ipv6_cidr_blocks.#": "0",
                            "ingress.1403647648.protocol": "tcp",
                            "ingress.1403647648.security_groups.#": "0",
                            "ingress.1403647648.self": "false",
                            "ingress.1403647648.to_port": "65535",
                            "name": "vpc_elb",
                            "owner_id": "135928476890",
                            "revoke_rules_on_delete": "false",
                            "tags.%": "1",
                            "tags.Name": "karl-elb",
                            "vpc_id": "vpc-4a968b22"
                        },
                        "meta": {
                            "schema_version": "1"
                        },
                        "tainted": false
                    },
                    "deposed": [],
                    "provider": ""
                },
                "aws_subnet.private_app": {
                    "type": "aws_subnet",
                    "depends_on": [
                        "aws_vpc.karl"
                    ],
                    "primary": {
                        "id": "subnet-ae9a7cd3",
                        "attributes": {
                            "assign_ipv6_address_on_creation": "false",
                            "availability_zone": "eu-central-1b",
                            "cidr_block": "10.0.0.0/24",
                            "id": "subnet-ae9a7cd3",
                            "map_public_ip_on_launch": "true",
                            "tags.%": "1",
                            "tags.Name": "app-karl",
                            "vpc_id": "vpc-4a968b22"
                        },
                        "meta": {
                            "schema_version": "1"
                        },
                        "tainted": false
                    },
                    "deposed": [],
                    "provider": ""
                },
                "aws_subnet.private_db": {
                    "type": "aws_subnet",
                    "depends_on": [
                        "aws_vpc.karl"
                    ],
                    "primary": {
                        "id": "subnet-d9987ea4",
                        "attributes": {
                            "assign_ipv6_address_on_creation": "false",
                            "availability_zone": "eu-central-1b",
                            "cidr_block": "10.0.1.0/24",
                            "id": "subnet-d9987ea4",
                            "map_public_ip_on_launch": "false",
                            "tags.%": "1",
                            "tags.Name": "db-karl",
                            "vpc_id": "vpc-4a968b22"
                        },
                        "meta": {
                            "schema_version": "1"
                        },
                        "tainted": false
                    },
                    "deposed": [],
                    "provider": ""
                },
                "aws_subnet.public_elb": {
                    "type": "aws_subnet",
                    "depends_on": [
                        "aws_vpc.karl"
                    ],
                    "primary": {
                        "id": "subnet-a79b7dda",
                        "attributes": {
                            "assign_ipv6_address_on_creation": "false",
                            "availability_zone": "eu-central-1b",
                            "cidr_block": "10.0.2.0/24",
                            "id": "subnet-a79b7dda",
                            "map_public_ip_on_launch": "true",
                            "tags.%": "1",
                            "tags.Name": "elb-karl",
                            "vpc_id": "vpc-4a968b22"
                        },
                        "meta": {
                            "schema_version": "1"
                        },
                        "tainted": false
                    },
                    "deposed": [],
                    "provider": ""
                },
                "aws_vpc.karl": {
                    "type": "aws_vpc",
                    "depends_on": [],
                    "primary": {
                        "id": "vpc-4a968b22",
                        "attributes": {
                            "assign_generated_ipv6_cidr_block": "false",
                            "cidr_block": "10.0.0.0/16",
                            "default_network_acl_id": "acl-8c5785e7",
                            "default_route_table_id": "rtb-bb3991d0",
                            "default_security_group_id": "sg-c53abfaf",
                            "dhcp_options_id": "dopt-763e381f",
                            "enable_dns_hostnames": "true",
                            "enable_dns_support": "true",
                            "id": "vpc-4a968b22",
                            "instance_tenancy": "default",
                            "main_route_table_id": "rtb-bb3991d0",
                            "tags.%": "1",
                            "tags.Name": "karl"
                        },
                        "meta": {
                            "schema_version": "1"
                        },
                        "tainted": false
                    },
                    "deposed": [],
                    "provider": ""
                },
                "data.template_file.init": {
                    "type": "template_file",
                    "depends_on": [
                        "aws_instance.db"
                    ],
                    "primary": {
                        "id": "ab73df1a6b2fb303141cb1bea3cb49417d1054c38b5e2439a7c0912d2f4723ed",
                        "attributes": {
                            "id": "ab73df1a6b2fb303141cb1bea3cb49417d1054c38b5e2439a7c0912d2f4723ed",
                            "rendered": "#!/bin/bash\n\ncd /home/ubuntu/app\n\n\nsudo su root\n\n\nexport DB_HOST=mongodb://10.0.1.9/blog\n\nsleep 5\n\n\nsudo npm install\n\n\n\nsleep 5\n\n\n\n\n\npm2 -f start app.js\n \n\n\n\n",
                            "template": "#!/bin/bash\n\ncd /home/ubuntu/app\n\n\nsudo su root\n\n\nexport DB_HOST=mongodb://${db_ip}/blog\n\nsleep 5\n\n\nsudo npm install\n\n\n\nsleep 5\n\n\n\n\n\npm2 -f start app.js\n \n\n\n\n",
                            "vars.%": "1",
                            "vars.db_ip": "10.0.1.9"
                        },
                        "meta": {},
                        "tainted": false
                    },
                    "deposed": [],
                    "provider": ""
                }
            },
            "depends_on": []
        }
    ]
}
